github.com/alecthomas/gometalinter v1.2.1/go.mod h1:qfIpQGGz3d+NmgyPBqv+LSh50emm1pt72EtcX2vKYQk=
github.com/alecthomas/units v0.0.0-20151022065526-2efee857e7cf/go.mod h1:ybxpYRFXyAe+OPACYpWeL0wqObRcbAqCMya13uyzqw0=
github.com/chzyer/readline v0.0.0-20171003145950-6a4bc7b4feae h1:drLWOmMTKbNwn9ao2UpwECoQcHC4blPvsQSGtOJ7EC0=
github.com/chzyer/readline v0.0.0-20171003145950-6a4bc7b4feae/go.mod h1:nSuG5e5PlCu98SY8svDHJxuZscDgtXS6KTTbou5AhLI=
github.com/client9/misspell v0.3.0/go.mod h1:qj6jICC3Q7zFZvVWo7KLAzC3yx5G7kyvSDkc90ppPyw=
github.com/golang/lint v0.0.0-20171005223336-6aaf7c34af0f/go.mod h1:tluoj9z5200jBnyusfRPU2LqT6J+DAorxEvtC7LHB+E=
github.com/google/shlex v0.0.0-20150127133951-6f45313302b9/go.mod h1:RpwtwJQFrIEPstU94h88MWPXP2ektJZ8cZ0YntAmXiE=
github.com/gordonklaus/ineffassign v0.0.0-20170825171107-da3d65debb9b/go.mod h1:cuNKsD1zp2v6XfE/orVX2QE1LC+i254ceGcVeDT3pTU=
github.com/juju/ansiterm v0.0.0-20161107204639-35c59b9e0fe2 h1:zwBJ/tDI/v8fUUaw/BXYLKAfATaLsbAWcMPKskykWfA=
github.com/juju/ansiterm v0.0.0-20161107204639-35c59b9e0fe2/go.mod h1:UJSiEoRfvx3hP73CvoARgeLjaIOjybY9vj8PUPPFGeU=
github.com/kisielk/gotool v0.0.0-20170828042310-d6ce6262d87e/go.mod h1:jxZFDH7ILpTPQTk+E2s+z4CUas9lVNjIuKR4c5/zKgM=
github.com/lunixbochs/vtclean v0.0.0-20170504063817-d14193dfc626 h1:33Ys8SnkRfz5ojdG853pyT/2Iqbk95PVm+QrC5XvI70=
github.com/lunixbochs/vtclean v0.0.0-20170504063817-d14193dfc626/go.mod h1:pHhQNgMf3btfWnGBVipUOjRYhoOsdGqdm/+2c2E2WMI=
github.com/mattn/go-colorable v0.0.9 h1:UVL0vNpWh04HeJXV0KLcaT7r06gOH2l4OW6ddYRUIY4=
github.com/mattn/go-colorable v0.0.9/go.mod h1:9vuHe8Xs5qXnSaW/c/ABM9alt+Vo+STaOChaDxuIBZU=
github.com/mattn/go-isatty v0.0.3 h1:ns/ykhmWi7G9O+8a448SecJU3nSMBXJfqQkl0upE1jI=
github.com/mattn/go-isatty v0.0.3/go.mod h1:M+lRXTBqGeGNdLjl/ufCoiOlB5xdOkqRJdNxMWT7Zi4=
github.com/nicksnyder/go-i18n v1.9.0/go.mod h1:HrK7VCrbOvQoUAQ7Vpy7i87N7JZZZ7R2xBGjv0j365Q=
github.com/pelletier/go-toml v1.0.1/go.mod h1:5z9KED0ma1S8pY6P1sdut58dfprrGBbd/94hg7ilaic=
github.com/tsenart/deadcode v0.0.0-20160724212837-210d2dc333e9/go.mod h1:q+QjxYvZ+fpjMXqs+XEriussHjSYqeXVnAdSV1tkMYk=
golang.org/x/sys v0.0.0-20171013135506-686000749eae/go.mod h1:STP8DvDyc/dI5b8T5hshtkjS+E42TnysNCUPdjciGhY=
golang.org/x/tools v0.0.0-20171013181403-9bd2f442688b/go.mod h1:n7NCudcB/nEzxVGmLbDWY5pfWTLqBcC2KZ6jyYvM4mQ=
gopkg.in/alecthomas/kingpin.v3-unstable v3.0.0-20171010053543-63abe20a23e2/go.mod h1:3HH7i1SgMqlzxCcBmUHW657sD4Kvv9sC3HpL3YukzwA=
gopkg.in/yaml.v2 v2.0.0-20170812160011-eb3733d160e7/go.mod h1:JAlM8MvJe8wmxCU4Bli9HhUf9+ttbYbLASfIpnQbh74=
honnef.co/go/tools v0.0.0-20170921140605-e5147431c7c0/go.mod h1:rf3lG4BRIbNafJWhAfAdb/ePZxsR/4RtNHQocxwk9r4=
