# This file is autogenerated, do not edit; changes may be undone by the next 'dep ensure'.


[[projects]]
  branch = "master"
  name = "github.com/chzyer/readline"
  packages = ["."]
  revision = "6a4bc7b4feaeff8feb63f87d5fb2cf3e3610a559"

[[projects]]
  branch = "master"
  name = "github.com/juju/ansiterm"
  packages = [".","tabwriter"]
  revision = "35c59b9e0fe275705a71bf5d58ee293f27efbbc4"

[[projects]]
  branch = "master"
  name = "github.com/lunixbochs/vtclean"
  packages = ["."]
  revision = "d14193dfc626125c831501c1c42340b4248e1f5a"

[[projects]]
  name = "github.com/mattn/go-colorable"
  packages = ["."]
  revision = "167de6bfdfba052fa6b2d3664c8f5272e23c9072"
  version = "v0.0.9"

[[projects]]
  name = "github.com/mattn/go-isatty"
  packages = ["."]
  revision = "0360b2af4f38e8d38c7fce2a9f4e702702d73a39"
  version = "v0.0.3"

[[projects]]
  branch = "master"
  name = "golang.org/x/sys"
  packages = ["unix"]
  revision = "686000749eaec0b8855b8eef5336cf63899fe51d"

[solve-meta]
  analyzer-name = "dep"
  analyzer-version = 1
  inputs-digest = "6f84edf071992192488cc76ebcfa829cb79e2105716c227592eff71640f4e7f6"
  solver-name = "gps-cdcl"
  solver-version = 1
